{
  "name": "fast-stats",
  "version": "0.0.4",
  "lockfileVersion": 1,
  "requires": true,
  "dependencies": {
    "gauss": {
      "version": "0.2.12",
      "resolved": "https://registry.npmjs.org/gauss/-/gauss-0.2.12.tgz",
      "integrity": "sha1-USVa0hbHaTizxUkyaXY/D9V3U/c=",
      "dev": true
    }
  }
}
